{
  "originHash" : "aec75523c872ede121b37a20901b3dfed500f9cc050b4e82b912faadb38289cd",
  "pins" : [
    {
      "identity" : "catena",
      "kind" : "remoteSourceControl",
      "location" : "https://github.com/Fleuronic/Catena",
      "state" : {
        "branch" : "main",
        "revision" : "9c32a0c997cdae2966e3dd7da4064271696dfb06"
      }
    },
    {
      "identity" : "dewdrop",
      "kind" : "remoteSourceControl",
      "location" : "https://github.com/Fleuronic/Dewdrop",
      "state" : {
        "branch" : "main",
        "revision" : "3e59ddc44101fd24561deab22455127c2404478e"
      }
    },
    {
      "identity" : "dewdropservice",
      "kind" : "remoteSourceControl",
      "location" : "https://github.com/Fleuronic/DewdropService.git",
      "state" : {
        "branch" : "main",
        "revision" : "f7a6676ee5bc8cbe1476e1086952c184022d35f1"
      }
    },
    {
      "identity" : "identity",
      "kind" : "remoteSourceControl",
      "location" : "https://github.com/Fleuronic/Identity",
      "state" : {
        "branch" : "master",
        "revision" : "e8d3194295dcaefdef948420036f7564808ed308"
      }
    },
    {
      "identity" : "initmacro",
      "kind" : "remoteSourceControl",
      "location" : "https://github.com/Fleuronic/InitMacro.git",
      "state" : {
        "branch" : "main",
        "revision" : "9b6feb35607a229194a7c28136d020f6b8ba3238"
      }
    },
    {
      "identity" : "swift-security",
      "kind" : "remoteSourceControl",
      "location" : "https://github.com/dm-zharov/swift-security",
      "state" : {
        "branch" : "main",
        "revision" : "1d9d3b1aefcb8ca965a21f63c3f1b725bb5f3a3d"
      }
    },
    {
      "identity" : "swift-syntax",
      "kind" : "remoteSourceControl",
      "location" : "https://github.com/apple/swift-syntax",
      "state" : {
        "revision" : "08a2f0a9a30e0f705f79c9cfaca1f68b71bdc775",
        "version" : "510.0.0"
      }
    }
  ],
  "version" : 3
}
