{
  "originHash" : "e68462ae9f536f5c62884435e3982717e6a66a5e941a87df491952c75b6d64da",
  "pins" : [
    {
      "identity" : "autocodable",
      "kind" : "remoteSourceControl",
      "location" : "https://github.com/Fleuronic/AutoCodable",
      "state" : {
        "branch" : "main",
        "revision" : "f58a000603fbd7dcbb4f55170d99859a6ee08949"
      }
    },
    {
      "identity" : "catena",
      "kind" : "remoteSourceControl",
      "location" : "https://github.com/Fleuronic/Catena",
      "state" : {
        "branch" : "main",
        "revision" : "9c32a0c997cdae2966e3dd7da4064271696dfb06"
      }
    },
    {
      "identity" : "catenary",
      "kind" : "remoteSourceControl",
      "location" : "https://github.com/Fleuronic/Catenary",
      "state" : {
        "branch" : "main",
        "revision" : "7c89038cd82d6a0c2e01712ecb3f757bd324af24"
      }
    },
    {
      "identity" : "catenoid",
      "kind" : "remoteSourceControl",
      "location" : "https://github.com/Fleuronic/Catenoid",
      "state" : {
        "branch" : "main",
        "revision" : "edc8ec785d7896d7cc4a3d1d14bbaeed03a8bff1"
      }
    },
    {
      "identity" : "dewdrop",
      "kind" : "remoteSourceControl",
      "location" : "https://github.com/Fleuronic/Dewdrop",
      "state" : {
        "branch" : "main",
        "revision" : "3e59ddc44101fd24561deab22455127c2404478e"
      }
    },
    {
      "identity" : "dewdropapi",
      "kind" : "remoteSourceControl",
      "location" : "https://github.com/Fleuronic/DewdropAPI.git",
      "state" : {
        "branch" : "main",
        "revision" : "4fd6c69e3b99354fb81217b3ec5fcd4a1b4730ef"
      }
    },
    {
      "identity" : "dewdropdatabase",
      "kind" : "remoteSourceControl",
      "location" : "https://github.com/Fleuronic/DewdropDatabase.git",
      "state" : {
        "branch" : "main",
        "revision" : "5664fa6e091bd5932fa3370c62bf3621ea6961b1"
      }
    },
    {
      "identity" : "dewdropservice",
      "kind" : "remoteSourceControl",
      "location" : "https://github.com/Fleuronic/DewdropService.git",
      "state" : {
        "branch" : "main",
        "revision" : "f7a6676ee5bc8cbe1476e1086952c184022d35f1"
      }
    },
    {
      "identity" : "differ",
      "kind" : "remoteSourceControl",
      "location" : "https://github.com/tonyarnold/Differ.git",
      "state" : {
        "revision" : "5520fda947f1f9777a806389c2ba587219bc0538",
        "version" : "1.4.6"
      }
    },
    {
      "identity" : "ergo",
      "kind" : "remoteSourceControl",
      "location" : "https://github.com/Fleuronic/Ergo.git",
      "state" : {
        "branch" : "main",
        "revision" : "c349d703927701248d903930b9a99a61005404f0"
      }
    },
    {
      "identity" : "identity",
      "kind" : "remoteSourceControl",
      "location" : "https://github.com/Fleuronic/Identity",
      "state" : {
        "branch" : "master",
        "revision" : "e8d3194295dcaefdef948420036f7564808ed308"
      }
    },
    {
      "identity" : "initmacro",
      "kind" : "remoteSourceControl",
      "location" : "https://github.com/Fleuronic/InitMacro.git",
      "state" : {
        "branch" : "main",
        "revision" : "9b6feb35607a229194a7c28136d020f6b8ba3238"
      }
    },
    {
      "identity" : "papyrus",
      "kind" : "remoteSourceControl",
      "location" : "https://github.com/Fleuronic/papyrus",
      "state" : {
        "branch" : "optional-path-parameters",
        "revision" : "244c4a50de86d9b6115398b553d276467358c2db"
      }
    },
    {
      "identity" : "persistdb",
      "kind" : "remoteSourceControl",
      "location" : "https://github.com/Fleuronic/PersistDB",
      "state" : {
        "branch" : "master",
        "revision" : "ae14cfd51163ff1b7215448fbdda312778b2af53"
      }
    },
    {
      "identity" : "reactiveswift",
      "kind" : "remoteSourceControl",
      "location" : "https://github.com/Fleuronic/ReactiveSwift.git",
      "state" : {
        "branch" : "swift-concurrency",
        "revision" : "d5a275b4b3d57872f6a77aa76cd70942baba4d9d"
      }
    },
    {
      "identity" : "schemata",
      "kind" : "remoteSourceControl",
      "location" : "https://github.com/Fleuronic/Schemata",
      "state" : {
        "branch" : "master",
        "revision" : "73c7bdad1bf9824e468ac3815d1df34b37245ff7"
      }
    },
    {
      "identity" : "semaphore",
      "kind" : "remoteSourceControl",
      "location" : "https://github.com/Fleuronic/Semaphore",
      "state" : {
        "branch" : "main",
        "revision" : "1215ee0d098dafddb6c5bdd58f51d18dd8404006"
      }
    },
    {
      "identity" : "swift-security",
      "kind" : "remoteSourceControl",
      "location" : "https://github.com/dm-zharov/swift-security",
      "state" : {
        "branch" : "main",
        "revision" : "1d9d3b1aefcb8ca965a21f63c3f1b725bb5f3a3d"
      }
    },
    {
      "identity" : "swift-syntax",
      "kind" : "remoteSourceControl",
      "location" : "https://github.com/apple/swift-syntax",
      "state" : {
        "revision" : "08a2f0a9a30e0f705f79c9cfaca1f68b71bdc775",
        "version" : "510.0.0"
      }
    },
    {
      "identity" : "url",
      "kind" : "remoteSourceControl",
      "location" : "https://github.com/Fleuronic/URL",
      "state" : {
        "branch" : "main",
        "revision" : "a9d2b9f3289eb88908c44e99807204c7a346f5b5"
      }
    },
    {
      "identity" : "workflow-swift",
      "kind" : "remoteSourceControl",
      "location" : "https://github.com/Fleuronic/workflow-swift",
      "state" : {
        "branch" : "main",
        "revision" : "d1dbdf0f79622bd882d0c8f445370e187000a503"
      }
    }
  ],
  "version" : 3
}
