{
  "originHash" : "0a8d86e26afd7c4d7f44ee7deb16c288764a559a1da5ac0abd5481302668b079",
  "pins" : [
    {
      "identity" : "enumkit",
      "kind" : "remoteSourceControl",
      "location" : "https://github.com/gringoireDM/EnumKit",
      "state" : {
        "revision" : "ae639dfac5c7116abb64c5f62124915f627140e4",
        "version" : "1.1.3"
      }
    },
    {
      "identity" : "ergo",
      "kind" : "remoteSourceControl",
      "location" : "https://github.com/Fleuronic/Ergo",
      "state" : {
        "branch" : "main",
        "revision" : "4daf5ac0ce30b3c483413351368f827eb4fa1ada"
      }
    },
    {
      "identity" : "ergoappkit",
      "kind" : "remoteSourceControl",
      "location" : "https://github.com/Fleuronic/ErgoAppKit",
      "state" : {
        "branch" : "main",
        "revision" : "07ee59b9c84e76fcf93f984825ac49f39762f3a4"
      }
    },
    {
      "identity" : "initmacro",
      "kind" : "remoteSourceControl",
      "location" : "https://github.com/LeonardoCardoso/InitMacro.git",
      "state" : {
        "branch" : "main",
        "revision" : "41beaa5cc3f8884385df6d0acf49f79821ab2496"
      }
    },
    {
      "identity" : "reactiveswift",
      "kind" : "remoteSourceControl",
      "location" : "https://github.com/ReactiveCocoa/ReactiveSwift.git",
      "state" : {
        "revision" : "40c465af19b993344e84355c00669ba2022ca3cd",
        "version" : "7.1.1"
      }
    },
    {
      "identity" : "swift-syntax",
      "kind" : "remoteSourceControl",
      "location" : "https://github.com/apple/swift-syntax",
      "state" : {
        "revision" : "74203046135342e4a4a627476dd6caf8b28fe11b",
        "version" : "509.0.0"
      }
    },
    {
      "identity" : "workflow-swift",
      "kind" : "remoteSourceControl",
      "location" : "https://github.com/Fleuronic/workflow-swift",
      "state" : {
        "branch" : "main",
        "revision" : "d62aa2eeb79483dc5c13a5400fdf3fa0d4f1fd19"
      }
    }
  ],
  "version" : 3
}
