{
  "originHash" : "d9a37a275ab16828882fb448394d5216ed12dca2ef2eac46e13e371d8083e3a1",
  "pins" : [
    {
      "identity" : "autocodable",
      "kind" : "remoteSourceControl",
      "location" : "https://github.com/Fleuronic/AutoCodable",
      "state" : {
        "branch" : "main",
        "revision" : "f58a000603fbd7dcbb4f55170d99859a6ee08949"
      }
    },
    {
      "identity" : "catena",
      "kind" : "remoteSourceControl",
      "location" : "https://github.com/Fleuronic/Catena",
      "state" : {
        "branch" : "main",
        "revision" : "9c32a0c997cdae2966e3dd7da4064271696dfb06"
      }
    },
    {
      "identity" : "catenary",
      "kind" : "remoteSourceControl",
      "location" : "https://github.com/Fleuronic/Catenary",
      "state" : {
        "branch" : "main",
        "revision" : "7c89038cd82d6a0c2e01712ecb3f757bd324af24"
      }
    },
    {
      "identity" : "catenoid",
      "kind" : "remoteSourceControl",
      "location" : "https://github.com/Fleuronic/Catenoid",
      "state" : {
        "branch" : "main",
        "revision" : "af5d2b9b8c9838edf8ca4d5a69d5a221fa1a01af"
      }
    },
    {
      "identity" : "differ",
      "kind" : "remoteSourceControl",
      "location" : "https://github.com/tonyarnold/Differ.git",
      "state" : {
        "revision" : "5520fda947f1f9777a806389c2ba587219bc0538",
        "version" : "1.4.6"
      }
    },
    {
      "identity" : "enumkit",
      "kind" : "remoteSourceControl",
      "location" : "https://github.com/Fleuronic/EnumKit",
      "state" : {
        "branch" : "master",
        "revision" : "74740898d60913a98fb841ffeb3a52f226a86459"
      }
    },
    {
      "identity" : "ergo",
      "kind" : "remoteSourceControl",
      "location" : "https://github.com/Fleuronic/Ergo.git",
      "state" : {
        "branch" : "main",
        "revision" : "4b3fb745aa8e099373e7fdc693f75c2c3e150117"
      }
    },
    {
      "identity" : "ergoappkit",
      "kind" : "remoteSourceControl",
      "location" : "https://github.com/Fleuronic/ErgoAppKit",
      "state" : {
        "branch" : "main",
        "revision" : "57c4d32f5e9ef9daf97a027a91cd5abadea051c7"
      }
    },
    {
      "identity" : "identity",
      "kind" : "remoteSourceControl",
      "location" : "https://github.com/Fleuronic/Identity",
      "state" : {
        "branch" : "master",
        "revision" : "e8d3194295dcaefdef948420036f7564808ed308"
      }
    },
    {
      "identity" : "initmacro",
      "kind" : "remoteSourceControl",
      "location" : "https://github.com/Fleuronic/InitMacro.git",
      "state" : {
        "branch" : "main",
        "revision" : "9b6feb35607a229194a7c28136d020f6b8ba3238"
      }
    },
    {
      "identity" : "papyrus",
      "kind" : "remoteSourceControl",
      "location" : "https://github.com/Fleuronic/papyrus",
      "state" : {
        "branch" : "optional-path-parameters",
        "revision" : "244c4a50de86d9b6115398b553d276467358c2db"
      }
    },
    {
      "identity" : "persistdb",
      "kind" : "remoteSourceControl",
      "location" : "https://github.com/Fleuronic/PersistDB",
      "state" : {
        "branch" : "master",
        "revision" : "74d9677d34dd2179bdffcfcba8cd40bcfebda579"
      }
    },
    {
      "identity" : "reactiveswift",
      "kind" : "remoteSourceControl",
      "location" : "https://github.com/ReactiveCocoa/ReactiveSwift.git",
      "state" : {
        "branch" : "swift-concurrency",
        "revision" : "3d40187c982346352d0adbe6b38e0e3d53fddc95"
      }
    },
    {
      "identity" : "safesfsymbols",
      "kind" : "remoteSourceControl",
      "location" : "https://github.com/Fleuronic/SafeSFSymbols",
      "state" : {
        "branch" : "main",
        "revision" : "df7b80e9c47ef330961716c073aa63420fc2cf01"
      }
    },
    {
      "identity" : "schemata",
      "kind" : "remoteSourceControl",
      "location" : "https://github.com/Fleuronic/Schemata.git",
      "state" : {
        "branch" : "master",
        "revision" : "e66f12d47ead9cf48c0cb86e88297b2d8da20722"
      }
    },
    {
      "identity" : "semaphore",
      "kind" : "remoteSourceControl",
      "location" : "https://github.com/Fleuronic/Semaphore",
      "state" : {
        "branch" : "main",
        "revision" : "1215ee0d098dafddb6c5bdd58f51d18dd8404006"
      }
    },
    {
      "identity" : "swift-security",
      "kind" : "remoteSourceControl",
      "location" : "https://github.com/dm-zharov/swift-security",
      "state" : {
        "branch" : "main",
        "revision" : "1d9d3b1aefcb8ca965a21f63c3f1b725bb5f3a3d"
      }
    },
    {
      "identity" : "swift-syntax",
      "kind" : "remoteSourceControl",
      "location" : "https://github.com/apple/swift-syntax",
      "state" : {
        "revision" : "08a2f0a9a30e0f705f79c9cfaca1f68b71bdc775",
        "version" : "510.0.0"
      }
    },
    {
      "identity" : "url",
      "kind" : "remoteSourceControl",
      "location" : "https://github.com/Fleuronic/URL",
      "state" : {
        "branch" : "main",
        "revision" : "a9d2b9f3289eb88908c44e99807204c7a346f5b5"
      }
    },
    {
      "identity" : "workflow-swift",
      "kind" : "remoteSourceControl",
      "location" : "https://github.com/Fleuronic/workflow-swift",
      "state" : {
        "branch" : "main",
        "revision" : "9f35ed2123c45641a0b7c3669c1c9a3912be25aa"
      }
    }
  ],
  "version" : 3
}
