{
  "originHash" : "e2585ea7895a45e5f46bfa514f70aca3971f04f0e00008f4ac0d0afc1f742e4c",
  "pins" : [
    {
      "identity" : "autocodable",
      "kind" : "remoteSourceControl",
      "location" : "https://github.com/Fleuronic/AutoCodable",
      "state" : {
        "branch" : "main",
        "revision" : "f58a000603fbd7dcbb4f55170d99859a6ee08949"
      }
    },
    {
      "identity" : "catena",
      "kind" : "remoteSourceControl",
      "location" : "https://github.com/Fleuronic/Catena",
      "state" : {
        "branch" : "main",
        "revision" : "262f1a422d6c65db56329558492a9c19c1d7063d"
      }
    },
    {
      "identity" : "catenary",
      "kind" : "remoteSourceControl",
      "location" : "https://github.com/Fleuronic/Catenary",
      "state" : {
        "branch" : "main",
        "revision" : "a95b74571fbd1428741df2c5f43649df59bdcf48"
      }
    },
    {
      "identity" : "catenoid",
      "kind" : "remoteSourceControl",
      "location" : "https://github.com/Fleuronic/Catenoid",
      "state" : {
        "branch" : "main",
        "revision" : "a55c27dc767d69e366e3199ebc21e90a853edb77"
      }
    },
    {
      "identity" : "dewdrop",
      "kind" : "remoteSourceControl",
      "location" : "https://github.com/Fleuronic/Dewdrop",
      "state" : {
        "branch" : "main",
        "revision" : "c38c3097d5c0a79d965aa9738c92b283bbf8eb58"
      }
    },
    {
      "identity" : "dewdropapi",
      "kind" : "remoteSourceControl",
      "location" : "https://github.com/Fleuronic/DewdropAPI",
      "state" : {
        "branch" : "main",
        "revision" : "fbf9c5b7d2f8cb34a7c008d78b8983cd91d11002"
      }
    },
    {
      "identity" : "dewdropdatabase",
      "kind" : "remoteSourceControl",
      "location" : "https://github.com/Fleuronic/DewdropDatabase",
      "state" : {
        "branch" : "main",
        "revision" : "158f07b61a2004721d3fbc7da782aad79df8e2ed"
      }
    },
    {
      "identity" : "dewdropservice",
      "kind" : "remoteSourceControl",
      "location" : "https://github.com/Fleuronic/DewdropService",
      "state" : {
        "branch" : "main",
        "revision" : "a9900b9fa89514ddea825f15b032bf5f3351c146"
      }
    },
    {
      "identity" : "differ",
      "kind" : "remoteSourceControl",
      "location" : "https://github.com/tonyarnold/Differ.git",
      "state" : {
        "revision" : "5520fda947f1f9777a806389c2ba587219bc0538",
        "version" : "1.4.6"
      }
    },
    {
      "identity" : "enumkit",
      "kind" : "remoteSourceControl",
      "location" : "https://github.com/Fleuronic/EnumKit",
      "state" : {
        "branch" : "master",
        "revision" : "74740898d60913a98fb841ffeb3a52f226a86459"
      }
    },
    {
      "identity" : "ergo",
      "kind" : "remoteSourceControl",
      "location" : "https://github.com/Fleuronic/Ergo.git",
      "state" : {
        "branch" : "main",
        "revision" : "6a828fb133f97cddc0c585c4845a462ff3ca152c"
      }
    },
    {
      "identity" : "ergoappkit",
      "kind" : "remoteSourceControl",
      "location" : "https://github.com/Fleuronic/ErgoAppKit",
      "state" : {
        "branch" : "main",
        "revision" : "91705e3d94bb944065bf91924f54b18b30cd2ba9"
      }
    },
    {
      "identity" : "identity",
      "kind" : "remoteSourceControl",
      "location" : "https://github.com/Fleuronic/Identity",
      "state" : {
        "branch" : "master",
        "revision" : "e8d3194295dcaefdef948420036f7564808ed308"
      }
    },
    {
      "identity" : "initmacro",
      "kind" : "remoteSourceControl",
      "location" : "https://github.com/Fleuronic/InitMacro.git",
      "state" : {
        "branch" : "main",
        "revision" : "9b6feb35607a229194a7c28136d020f6b8ba3238"
      }
    },
    {
      "identity" : "papyrus",
      "kind" : "remoteSourceControl",
      "location" : "http://github.com/Fleuronic/papyrus",
      "state" : {
        "branch" : "optional-path-parameters",
        "revision" : "c7857d1b9ece16f587202024c8ff2bf2fcbd18cf"
      }
    },
    {
      "identity" : "persistdb",
      "kind" : "remoteSourceControl",
      "location" : "https://github.com/Fleuronic/PersistDB",
      "state" : {
        "branch" : "master",
        "revision" : "ae14cfd51163ff1b7215448fbdda312778b2af53"
      }
    },
    {
      "identity" : "reactiveswift",
      "kind" : "remoteSourceControl",
      "location" : "https://github.com/Fleuronic/ReactiveSwift.git",
      "state" : {
        "branch" : "swift-concurrency",
        "revision" : "d5a275b4b3d57872f6a77aa76cd70942baba4d9d"
      }
    },
    {
      "identity" : "safesfsymbols",
      "kind" : "remoteSourceControl",
      "location" : "https://github.com/Fleuronic/SafeSFSymbols",
      "state" : {
        "branch" : "main",
        "revision" : "df7b80e9c47ef330961716c073aa63420fc2cf01"
      }
    },
    {
      "identity" : "schemata",
      "kind" : "remoteSourceControl",
      "location" : "https://github.com/Fleuronic/Schemata",
      "state" : {
        "branch" : "master",
        "revision" : "7566a2b2b2e70a0b6343211c7b711d3237daf7cd"
      }
    },
    {
      "identity" : "semaphore",
      "kind" : "remoteSourceControl",
      "location" : "https://github.com/Fleuronic/Semaphore",
      "state" : {
        "branch" : "main",
        "revision" : "1215ee0d098dafddb6c5bdd58f51d18dd8404006"
      }
    },
    {
      "identity" : "swift-security",
      "kind" : "remoteSourceControl",
      "location" : "https://github.com/dm-zharov/swift-security",
      "state" : {
        "branch" : "main",
        "revision" : "1d9d3b1aefcb8ca965a21f63c3f1b725bb5f3a3d"
      }
    },
    {
      "identity" : "swift-syntax",
      "kind" : "remoteSourceControl",
      "location" : "https://github.com/apple/swift-syntax",
      "state" : {
        "revision" : "08a2f0a9a30e0f705f79c9cfaca1f68b71bdc775",
        "version" : "510.0.0"
      }
    },
    {
      "identity" : "url",
      "kind" : "remoteSourceControl",
      "location" : "https://github.com/Fleuronic/URL",
      "state" : {
        "branch" : "main",
        "revision" : "a9d2b9f3289eb88908c44e99807204c7a346f5b5"
      }
    },
    {
      "identity" : "workflow-swift",
      "kind" : "remoteSourceControl",
      "location" : "https://github.com/Fleuronic/workflow-swift",
      "state" : {
        "branch" : "main",
        "revision" : "d1dbdf0f79622bd882d0c8f445370e187000a503"
      }
    }
  ],
  "version" : 3
}
