{
  "originHash" : "81994dadb0592064426b7af7a216c41fdc6778f71bf78690445863aad4905e1e",
  "pins" : [
    {
      "identity" : "autocodable",
      "kind" : "remoteSourceControl",
      "location" : "https://github.com/Fleuronic/AutoCodable",
      "state" : {
        "branch" : "conditional",
        "revision" : "9d49a4f0e7e09bb15f8199cdc9141788547dfe43"
      }
    },
    {
      "identity" : "catena",
      "kind" : "remoteSourceControl",
      "location" : "https://github.com/Fleuronic/Catena",
      "state" : {
        "branch" : "main",
        "revision" : "793a146a4a4c59d0ec03c74522e1b0e94e29e936"
      }
    },
    {
      "identity" : "catenary",
      "kind" : "remoteSourceControl",
      "location" : "https://github.com/Fleuronic/Catenary",
      "state" : {
        "branch" : "main",
        "revision" : "446099df021137202b22e792e2c3416adaeebedd"
      }
    },
    {
      "identity" : "dewdrop",
      "kind" : "remoteSourceControl",
      "location" : "https://github.com/Fleuronic/Dewdrop",
      "state" : {
        "branch" : "main",
        "revision" : "567205a2b39492865a2e064f6945949d57584a1c"
      }
    },
    {
      "identity" : "dewdropapi",
      "kind" : "remoteSourceControl",
      "location" : "https://github.com/Fleuronic/DewdropAPI.git",
      "state" : {
        "branch" : "main",
        "revision" : "68202e485435d2deb03279696e3a3e88ebc1bbca"
      }
    },
    {
      "identity" : "dewdropservice",
      "kind" : "remoteSourceControl",
      "location" : "https://github.com/Fleuronic/DewdropService.git",
      "state" : {
        "branch" : "main",
        "revision" : "9113d4f5fded0af94979ef8ea8bec63baa5d2aa1"
      }
    },
    {
      "identity" : "differ",
      "kind" : "remoteSourceControl",
      "location" : "https://github.com/tonyarnold/Differ.git",
      "state" : {
        "revision" : "5520fda947f1f9777a806389c2ba587219bc0538",
        "version" : "1.4.6"
      }
    },
    {
      "identity" : "enumkit",
      "kind" : "remoteSourceControl",
      "location" : "https://github.com/gringoireDM/EnumKit",
      "state" : {
        "branch" : "master",
        "revision" : "ae639dfac5c7116abb64c5f62124915f627140e4"
      }
    },
    {
      "identity" : "ergo",
      "kind" : "remoteSourceControl",
      "location" : "https://github.com/Fleuronic/Ergo.git",
      "state" : {
        "branch" : "main",
        "revision" : "ddeb238a2742cabff327b7afa7f0284be613f7a2"
      }
    },
    {
      "identity" : "ergoappkit",
      "kind" : "remoteSourceControl",
      "location" : "https://github.com/Fleuronic/ErgoAppKit",
      "state" : {
        "branch" : "main",
        "revision" : "7eae51b00f7dc4b26bb6f10e30c4b3ca83df31f9"
      }
    },
    {
      "identity" : "identity",
      "kind" : "remoteSourceControl",
      "location" : "https://github.com/Fleuronic/Identity",
      "state" : {
        "branch" : "master",
        "revision" : "3dedc8db072d496a3b234fb0c452b97b987bf4c2"
      }
    },
    {
      "identity" : "initmacro",
      "kind" : "remoteSourceControl",
      "location" : "https://github.com/Fleuronic/InitMacro.git",
      "state" : {
        "branch" : "update-swift-syntax",
        "revision" : "d7010e57d835c41bd75fcb6a7553f3faad9384f0"
      }
    },
    {
      "identity" : "papyrus",
      "kind" : "remoteSourceControl",
      "location" : "https://github.com/Fleuronic/papyrus",
      "state" : {
        "branch" : "optional-path-parameters",
        "revision" : "e741e95dc10b58d1fefbf041079ccdf9a03c0f19"
      }
    },
    {
      "identity" : "persistdb",
      "kind" : "remoteSourceControl",
      "location" : "https://github.com/Fleuronic/PersistDB",
      "state" : {
        "branch" : "master",
        "revision" : "8274256f0f076bd8fb40e6bd4de94cc26a2d4b6a"
      }
    },
    {
      "identity" : "reactiveswift",
      "kind" : "remoteSourceControl",
      "location" : "https://github.com/ReactiveCocoa/ReactiveSwift.git",
      "state" : {
        "branch" : "swift-concurrency",
        "revision" : "3d40187c982346352d0adbe6b38e0e3d53fddc95"
      }
    },
    {
      "identity" : "schemata",
      "kind" : "remoteSourceControl",
      "location" : "https://github.com/Fleuronic/Schemata",
      "state" : {
        "branch" : "master",
        "revision" : "3405511d0ceae84f3f1c84889ef1e05f9df2e092"
      }
    },
    {
      "identity" : "semaphore",
      "kind" : "remoteSourceControl",
      "location" : "https://github.com/groue/Semaphore",
      "state" : {
        "branch" : "main",
        "revision" : "ad48ff5034521c3eb3bc9e38a86dde9974f1a320"
      }
    },
    {
      "identity" : "sfsafesymbols",
      "kind" : "remoteSourceControl",
      "location" : "https://github.com/SFSafeSymbols/SFSafeSymbols",
      "state" : {
        "branch" : "stable",
        "revision" : "e2e28f4e56e1769c2ec3c61c9355fc64eb7a535a"
      }
    },
    {
      "identity" : "strongbox",
      "kind" : "remoteSourceControl",
      "location" : "https://github.com/granoff/Strongbox",
      "state" : {
        "revision" : "455e1d9a2775f2265c99bb611c7fa0e092734a04",
        "version" : "0.6.1"
      }
    },
    {
      "identity" : "swift-syntax",
      "kind" : "remoteSourceControl",
      "location" : "https://github.com/apple/swift-syntax",
      "state" : {
        "revision" : "08a2f0a9a30e0f705f79c9cfaca1f68b71bdc775",
        "version" : "510.0.0"
      }
    },
    {
      "identity" : "url",
      "kind" : "remoteSourceControl",
      "location" : "https://github.com/Fleuronic/URL",
      "state" : {
        "branch" : "main",
        "revision" : "5bcab305369f7e58dcf09e3027a2fbae34a92753"
      }
    },
    {
      "identity" : "workflow-swift",
      "kind" : "remoteSourceControl",
      "location" : "https://github.com/Fleuronic/workflow-swift",
      "state" : {
        "branch" : "main",
        "revision" : "e51e354705247c6a5e9bc724b39027eb02ffe1af"
      }
    }
  ],
  "version" : 3
}
