// !$*UTF8*$!
{
	archiveVersion = 1;
	classes = {
	};
	objectVersion = 56;
	objects = {

/* Begin PBXBuildFile section */
		171436622C12377100AAB17B /* AppDelegate.swift in Sources */ = {isa = PBXBuildFile; fileRef = 173AF7BC2C0E233A009E77FA /* AppDelegate.swift */; };
		171436702C1237C100AAB17B /* TagList in Frameworks */ = {isa = PBXBuildFile; productRef = 1714366F2C1237C100AAB17B /* TagList */; };
		171436792C12392F00AAB17B /* MockRaindropAPI.swift in Sources */ = {isa = PBXBuildFile; fileRef = 171436712C12392F00AAB17B /* MockRaindropAPI.swift */; };
		1714367A2C12392F00AAB17B /* main.swift in Sources */ = {isa = PBXBuildFile; fileRef = 171436732C12392F00AAB17B /* main.swift */; };
		1714367B2C12392F00AAB17B /* TagListApp.swift in Sources */ = {isa = PBXBuildFile; fileRef = 171436762C12392F00AAB17B /* TagListApp.swift */; };
		1714367C2C12392F00AAB17B /* TagListAppDelegate.swift in Sources */ = {isa = PBXBuildFile; fileRef = 171436772C12392F00AAB17B /* TagListAppDelegate.swift */; };
		172CA0292C0A490000C65BF9 /* GroupListApp.swift in Sources */ = {isa = PBXBuildFile; fileRef = 172CA0282C0A490000C65BF9 /* GroupListApp.swift */; };
		1735B38D2BAB356700A01FED /* GroupListAppDelegate.swift in Sources */ = {isa = PBXBuildFile; fileRef = 1735B38C2BAB356700A01FED /* GroupListAppDelegate.swift */; };
		173AF7BD2C0E233A009E77FA /* AppDelegate.swift in Sources */ = {isa = PBXBuildFile; fileRef = 173AF7BC2C0E233A009E77FA /* AppDelegate.swift */; };
		177C6FD52C18FF1200DA4245 /* AppDelegate.swift in Sources */ = {isa = PBXBuildFile; fileRef = 173AF7BC2C0E233A009E77FA /* AppDelegate.swift */; };
		177C6FE32C18FF2000DA4245 /* CollectionList in Frameworks */ = {isa = PBXBuildFile; productRef = 177C6FE22C18FF2000DA4245 /* CollectionList */; };
		177C6FEA2C1908B900DA4245 /* main.swift in Sources */ = {isa = PBXBuildFile; fileRef = 177C6FE62C18FF3A00DA4245 /* main.swift */; };
		177C6FEB2C1908BC00DA4245 /* CollectionListAppDelegate.swift in Sources */ = {isa = PBXBuildFile; fileRef = 177C6FE82C18FF5000DA4245 /* CollectionListAppDelegate.swift */; };
		177C6FEC2C1908BE00DA4245 /* CollectionListApp.swift in Sources */ = {isa = PBXBuildFile; fileRef = 177C6FE92C18FF5100DA4245 /* CollectionListApp.swift */; };
		178C2A7E2C0F497D004BED88 /* MockRaindropAPI.swift in Sources */ = {isa = PBXBuildFile; fileRef = 178C2A7D2C0F497D004BED88 /* MockRaindropAPI.swift */; };
		17B85F8F2C0EB81E0006E75F /* GroupList in Frameworks */ = {isa = PBXBuildFile; productRef = 17B85F8E2C0EB81E0006E75F /* GroupList */; };
		17CB09AB2C023F3400319052 /* main.swift in Sources */ = {isa = PBXBuildFile; fileRef = 17CB09AA2C023F3400319052 /* main.swift */; };
/* End PBXBuildFile section */

/* Begin PBXFileReference section */
		1714366D2C12377100AAB17B /* TagListApp.app */ = {isa = PBXFileReference; explicitFileType = wrapper.application; includeInIndex = 0; path = TagListApp.app; sourceTree = BUILT_PRODUCTS_DIR; };
		171436712C12392F00AAB17B /* MockRaindropAPI.swift */ = {isa = PBXFileReference; fileEncoding = 4; lastKnownFileType = sourcecode.swift; path = MockRaindropAPI.swift; sourceTree = "<group>"; };
		171436732C12392F00AAB17B /* main.swift */ = {isa = PBXFileReference; fileEncoding = 4; lastKnownFileType = sourcecode.swift; path = main.swift; sourceTree = "<group>"; };
		171436742C12392F00AAB17B /* Raindropdown.entitlements */ = {isa = PBXFileReference; fileEncoding = 4; lastKnownFileType = text.plist.entitlements; path = Raindropdown.entitlements; sourceTree = "<group>"; };
		171436762C12392F00AAB17B /* TagListApp.swift */ = {isa = PBXFileReference; fileEncoding = 4; lastKnownFileType = sourcecode.swift; path = TagListApp.swift; sourceTree = "<group>"; };
		171436772C12392F00AAB17B /* TagListAppDelegate.swift */ = {isa = PBXFileReference; fileEncoding = 4; lastKnownFileType = sourcecode.swift; path = TagListAppDelegate.swift; sourceTree = "<group>"; };
		172CA0282C0A490000C65BF9 /* GroupListApp.swift */ = {isa = PBXFileReference; lastKnownFileType = sourcecode.swift; path = GroupListApp.swift; sourceTree = "<group>"; };
		1735B3892BAB356700A01FED /* GroupListApp.app */ = {isa = PBXFileReference; explicitFileType = wrapper.application; includeInIndex = 0; path = GroupListApp.app; sourceTree = BUILT_PRODUCTS_DIR; };
		1735B38C2BAB356700A01FED /* GroupListAppDelegate.swift */ = {isa = PBXFileReference; lastKnownFileType = sourcecode.swift; path = GroupListAppDelegate.swift; sourceTree = "<group>"; };
		1735B3952BAB356800A01FED /* Raindropdown.entitlements */ = {isa = PBXFileReference; lastKnownFileType = text.plist.entitlements; path = Raindropdown.entitlements; sourceTree = "<group>"; };
		173AF7BC2C0E233A009E77FA /* AppDelegate.swift */ = {isa = PBXFileReference; lastKnownFileType = sourcecode.swift; path = AppDelegate.swift; sourceTree = "<group>"; };
		17503BC42C0E8D40003C3841 /* Models */ = {isa = PBXFileReference; lastKnownFileType = wrapper; path = Models; sourceTree = "<group>"; };
		17503BC52C0E8D40003C3841 /* Features */ = {isa = PBXFileReference; lastKnownFileType = wrapper; path = Features; sourceTree = "<group>"; };
		177C6FE02C18FF1200DA4245 /* CollectionListApp.app */ = {isa = PBXFileReference; explicitFileType = wrapper.application; includeInIndex = 0; path = CollectionListApp.app; sourceTree = BUILT_PRODUCTS_DIR; };
		177C6FE62C18FF3A00DA4245 /* main.swift */ = {isa = PBXFileReference; lastKnownFileType = sourcecode.swift; path = main.swift; sourceTree = "<group>"; };
		177C6FE72C18FF3A00DA4245 /* Raindropdown.entitlements */ = {isa = PBXFileReference; lastKnownFileType = text.plist.entitlements; path = Raindropdown.entitlements; sourceTree = "<group>"; };
		177C6FE82C18FF5000DA4245 /* CollectionListAppDelegate.swift */ = {isa = PBXFileReference; lastKnownFileType = sourcecode.swift; path = CollectionListAppDelegate.swift; sourceTree = "<group>"; };
		177C6FE92C18FF5100DA4245 /* CollectionListApp.swift */ = {isa = PBXFileReference; lastKnownFileType = sourcecode.swift; path = CollectionListApp.swift; sourceTree = "<group>"; };
		178C2A7B2C0EBD54004BED88 /* Services */ = {isa = PBXFileReference; lastKnownFileType = wrapper; path = Services; sourceTree = "<group>"; };
		178C2A7D2C0F497D004BED88 /* MockRaindropAPI.swift */ = {isa = PBXFileReference; lastKnownFileType = sourcecode.swift; path = MockRaindropAPI.swift; sourceTree = "<group>"; };
		17CB09AA2C023F3400319052 /* main.swift */ = {isa = PBXFileReference; lastKnownFileType = sourcecode.swift; path = main.swift; sourceTree = "<group>"; };
/* End PBXFileReference section */

/* Begin PBXFrameworksBuildPhase section */
		171436672C12377100AAB17B /* Frameworks */ = {
			isa = PBXFrameworksBuildPhase;
			buildActionMask = 2147483647;
			files = (
				171436702C1237C100AAB17B /* TagList in Frameworks */,
			);
			runOnlyForDeploymentPostprocessing = 0;
		};
		1735B3862BAB356700A01FED /* Frameworks */ = {
			isa = PBXFrameworksBuildPhase;
			buildActionMask = 2147483647;
			files = (
				17B85F8F2C0EB81E0006E75F /* GroupList in Frameworks */,
			);
			runOnlyForDeploymentPostprocessing = 0;
		};
		177C6FDA2C18FF1200DA4245 /* Frameworks */ = {
			isa = PBXFrameworksBuildPhase;
			buildActionMask = 2147483647;
			files = (
				177C6FE32C18FF2000DA4245 /* CollectionList in Frameworks */,
			);
			runOnlyForDeploymentPostprocessing = 0;
		};
/* End PBXFrameworksBuildPhase section */

/* Begin PBXGroup section */
		171436722C12392F00AAB17B /* Mocks */ = {
			isa = PBXGroup;
			children = (
				171436712C12392F00AAB17B /* MockRaindropAPI.swift */,
			);
			path = Mocks;
			sourceTree = "<group>";
		};
		171436752C12392F00AAB17B /* Resources */ = {
			isa = PBXGroup;
			children = (
				171436732C12392F00AAB17B /* main.swift */,
				171436742C12392F00AAB17B /* Raindropdown.entitlements */,
			);
			path = Resources;
			sourceTree = "<group>";
		};
		171436782C12392F00AAB17B /* Tag List App */ = {
			isa = PBXGroup;
			children = (
				171436762C12392F00AAB17B /* TagListApp.swift */,
				171436772C12392F00AAB17B /* TagListAppDelegate.swift */,
				171436722C12392F00AAB17B /* Mocks */,
				171436752C12392F00AAB17B /* Resources */,
			);
			path = "Tag List App";
			sourceTree = "<group>";
		};
		1735B3802BAB356700A01FED = {
			isa = PBXGroup;
			children = (
				173AF7CE2C0E89E3009E77FA /* Modules */,
				17CB098F2C0147B100319052 /* Apps */,
				1735B38A2BAB356700A01FED /* Products */,
				177C6FE12C18FF2000DA4245 /* Frameworks */,
			);
			sourceTree = "<group>";
		};
		1735B38A2BAB356700A01FED /* Products */ = {
			isa = PBXGroup;
			children = (
				1735B3892BAB356700A01FED /* GroupListApp.app */,
				1714366D2C12377100AAB17B /* TagListApp.app */,
				177C6FE02C18FF1200DA4245 /* CollectionListApp.app */,
			);
			name = Products;
			sourceTree = "<group>";
		};
		1735B38B2BAB356700A01FED /* Group List App */ = {
			isa = PBXGroup;
			children = (
				172CA0282C0A490000C65BF9 /* GroupListApp.swift */,
				1735B38C2BAB356700A01FED /* GroupListAppDelegate.swift */,
				178C2A7C2C0F496C004BED88 /* Mocks */,
				17CB09902C0148F300319052 /* Resources */,
			);
			path = "Group List App";
			sourceTree = "<group>";
		};
		173AF7CE2C0E89E3009E77FA /* Modules */ = {
			isa = PBXGroup;
			children = (
				17503BC42C0E8D40003C3841 /* Models */,
				178C2A7B2C0EBD54004BED88 /* Services */,
				17503BC52C0E8D40003C3841 /* Features */,
			);
			path = Modules;
			sourceTree = "<group>";
		};
		177C6FE12C18FF2000DA4245 /* Frameworks */ = {
			isa = PBXGroup;
			children = (
			);
			name = Frameworks;
			sourceTree = "<group>";
		};
		177C6FE42C18FF2800DA4245 /* Collection List App */ = {
			isa = PBXGroup;
			children = (
				177C6FE92C18FF5100DA4245 /* CollectionListApp.swift */,
				177C6FE82C18FF5000DA4245 /* CollectionListAppDelegate.swift */,
				177C6FE52C18FF3A00DA4245 /* Resources */,
			);
			path = "Collection List App";
			sourceTree = "<group>";
		};
		177C6FE52C18FF3A00DA4245 /* Resources */ = {
			isa = PBXGroup;
			children = (
				177C6FE62C18FF3A00DA4245 /* main.swift */,
				177C6FE72C18FF3A00DA4245 /* Raindropdown.entitlements */,
			);
			path = Resources;
			sourceTree = "<group>";
		};
		178C2A7C2C0F496C004BED88 /* Mocks */ = {
			isa = PBXGroup;
			children = (
				178C2A7D2C0F497D004BED88 /* MockRaindropAPI.swift */,
			);
			path = Mocks;
			sourceTree = "<group>";
		};
		17CB098F2C0147B100319052 /* Apps */ = {
			isa = PBXGroup;
			children = (
				173AF7BC2C0E233A009E77FA /* AppDelegate.swift */,
				177C6FE42C18FF2800DA4245 /* Collection List App */,
				1735B38B2BAB356700A01FED /* Group List App */,
				171436782C12392F00AAB17B /* Tag List App */,
			);
			path = Apps;
			sourceTree = "<group>";
		};
		17CB09902C0148F300319052 /* Resources */ = {
			isa = PBXGroup;
			children = (
				17CB09AA2C023F3400319052 /* main.swift */,
				1735B3952BAB356800A01FED /* Raindropdown.entitlements */,
			);
			path = Resources;
			sourceTree = "<group>";
		};
/* End PBXGroup section */

/* Begin PBXNativeTarget section */
		1714365F2C12377100AAB17B /* TagListApp */ = {
			isa = PBXNativeTarget;
			buildConfigurationList = 1714366A2C12377100AAB17B /* Build configuration list for PBXNativeTarget "TagListApp" */;
			buildPhases = (
				171436612C12377100AAB17B /* Sources */,
				171436672C12377100AAB17B /* Frameworks */,
				171436692C12377100AAB17B /* Resources */,
			);
			buildRules = (
			);
			dependencies = (
			);
			name = TagListApp;
			packageProductDependencies = (
				1714366F2C1237C100AAB17B /* TagList */,
			);
			productName = Raindropdown;
			productReference = 1714366D2C12377100AAB17B /* TagListApp.app */;
			productType = "com.apple.product-type.application";
		};
		1735B3882BAB356700A01FED /* GroupListApp */ = {
			isa = PBXNativeTarget;
			buildConfigurationList = 1735B3982BAB356800A01FED /* Build configuration list for PBXNativeTarget "GroupListApp" */;
			buildPhases = (
				1735B3852BAB356700A01FED /* Sources */,
				1735B3862BAB356700A01FED /* Frameworks */,
				1735B3872BAB356700A01FED /* Resources */,
			);
			buildRules = (
			);
			dependencies = (
			);
			name = GroupListApp;
			packageProductDependencies = (
				17B85F8E2C0EB81E0006E75F /* GroupList */,
			);
			productName = Raindropdown;
			productReference = 1735B3892BAB356700A01FED /* GroupListApp.app */;
			productType = "com.apple.product-type.application";
		};
		177C6FD22C18FF1200DA4245 /* CollectionListApp */ = {
			isa = PBXNativeTarget;
			buildConfigurationList = 177C6FDD2C18FF1200DA4245 /* Build configuration list for PBXNativeTarget "CollectionListApp" */;
			buildPhases = (
				177C6FD42C18FF1200DA4245 /* Sources */,
				177C6FDA2C18FF1200DA4245 /* Frameworks */,
				177C6FDC2C18FF1200DA4245 /* Resources */,
			);
			buildRules = (
			);
			dependencies = (
			);
			name = CollectionListApp;
			packageProductDependencies = (
				177C6FE22C18FF2000DA4245 /* CollectionList */,
			);
			productName = Raindropdown;
			productReference = 177C6FE02C18FF1200DA4245 /* CollectionListApp.app */;
			productType = "com.apple.product-type.application";
		};
/* End PBXNativeTarget section */

/* Begin PBXProject section */
		1735B3812BAB356700A01FED /* Project object */ = {
			isa = PBXProject;
			attributes = {
				BuildIndependentTargetsInParallel = 1;
				LastSwiftUpdateCheck = 1530;
				LastUpgradeCheck = 1540;
				TargetAttributes = {
					1735B3882BAB356700A01FED = {
						CreatedOnToolsVersion = 15.3;
					};
				};
			};
			buildConfigurationList = 1735B3842BAB356700A01FED /* Build configuration list for PBXProject "Raindropdown" */;
			compatibilityVersion = "Xcode 14.0";
			developmentRegion = en;
			hasScannedForEncodings = 0;
			knownRegions = (
				en,
				Base,
			);
			mainGroup = 1735B3802BAB356700A01FED;
			packageReferences = (
			);
			productRefGroup = 1735B38A2BAB356700A01FED /* Products */;
			projectDirPath = "";
			projectRoot = "";
			targets = (
				177C6FD22C18FF1200DA4245 /* CollectionListApp */,
				1735B3882BAB356700A01FED /* GroupListApp */,
				1714365F2C12377100AAB17B /* TagListApp */,
			);
		};
/* End PBXProject section */

/* Begin PBXResourcesBuildPhase section */
		171436692C12377100AAB17B /* Resources */ = {
			isa = PBXResourcesBuildPhase;
			buildActionMask = 2147483647;
			files = (
			);
			runOnlyForDeploymentPostprocessing = 0;
		};
		1735B3872BAB356700A01FED /* Resources */ = {
			isa = PBXResourcesBuildPhase;
			buildActionMask = 2147483647;
			files = (
			);
			runOnlyForDeploymentPostprocessing = 0;
		};
		177C6FDC2C18FF1200DA4245 /* Resources */ = {
			isa = PBXResourcesBuildPhase;
			buildActionMask = 2147483647;
			files = (
			);
			runOnlyForDeploymentPostprocessing = 0;
		};
/* End PBXResourcesBuildPhase section */

/* Begin PBXSourcesBuildPhase section */
		171436612C12377100AAB17B /* Sources */ = {
			isa = PBXSourcesBuildPhase;
			buildActionMask = 2147483647;
			files = (
				171436622C12377100AAB17B /* AppDelegate.swift in Sources */,
				1714367C2C12392F00AAB17B /* TagListAppDelegate.swift in Sources */,
				1714367A2C12392F00AAB17B /* main.swift in Sources */,
				171436792C12392F00AAB17B /* MockRaindropAPI.swift in Sources */,
				1714367B2C12392F00AAB17B /* TagListApp.swift in Sources */,
			);
			runOnlyForDeploymentPostprocessing = 0;
		};
		1735B3852BAB356700A01FED /* Sources */ = {
			isa = PBXSourcesBuildPhase;
			buildActionMask = 2147483647;
			files = (
				173AF7BD2C0E233A009E77FA /* AppDelegate.swift in Sources */,
				1735B38D2BAB356700A01FED /* GroupListAppDelegate.swift in Sources */,
				17CB09AB2C023F3400319052 /* main.swift in Sources */,
				172CA0292C0A490000C65BF9 /* GroupListApp.swift in Sources */,
				178C2A7E2C0F497D004BED88 /* MockRaindropAPI.swift in Sources */,
			);
			runOnlyForDeploymentPostprocessing = 0;
		};
		177C6FD42C18FF1200DA4245 /* Sources */ = {
			isa = PBXSourcesBuildPhase;
			buildActionMask = 2147483647;
			files = (
				177C6FEA2C1908B900DA4245 /* main.swift in Sources */,
				177C6FEB2C1908BC00DA4245 /* CollectionListAppDelegate.swift in Sources */,
				177C6FD52C18FF1200DA4245 /* AppDelegate.swift in Sources */,
				177C6FEC2C1908BE00DA4245 /* CollectionListApp.swift in Sources */,
			);
			runOnlyForDeploymentPostprocessing = 0;
		};
/* End PBXSourcesBuildPhase section */

/* Begin XCBuildConfiguration section */
		1714366B2C12377100AAB17B /* Debug */ = {
			isa = XCBuildConfiguration;
			buildSettings = {
				ASSETCATALOG_COMPILER_APPICON_NAME = AppIcon;
				ASSETCATALOG_COMPILER_GLOBAL_ACCENT_COLOR_NAME = AccentColor;
				CODE_SIGN_ENTITLEMENTS = "Apps/Tag List App/Resources/Raindropdown.entitlements";
				CODE_SIGN_STYLE = Automatic;
				COMBINE_HIDPI_IMAGES = YES;
				CURRENT_PROJECT_VERSION = 1;
				DEAD_CODE_STRIPPING = YES;
				DEVELOPMENT_TEAM = XDAMV22DTA;
				ENABLE_HARDENED_RUNTIME = YES;
				ENABLE_PREVIEWS = YES;
				GENERATE_INFOPLIST_FILE = YES;
				INFOPLIST_KEY_NSHumanReadableCopyright = "";
				LD_RUNPATH_SEARCH_PATHS = (
					"$(inherited)",
					"@executable_path/../Frameworks",
				);
				MACOSX_DEPLOYMENT_TARGET = 14.0;
				MARKETING_VERSION = 1.0;
				PRODUCT_BUNDLE_IDENTIFIER = com.fleuronic.Raindropdown;
				PRODUCT_NAME = "$(TARGET_NAME)";
				SWIFT_EMIT_LOC_STRINGS = YES;
				SWIFT_VERSION = 5.0;
			};
			name = Debug;
		};
		1714366C2C12377100AAB17B /* Release */ = {
			isa = XCBuildConfiguration;
			buildSettings = {
				ASSETCATALOG_COMPILER_APPICON_NAME = AppIcon;
				ASSETCATALOG_COMPILER_GLOBAL_ACCENT_COLOR_NAME = AccentColor;
				CODE_SIGN_ENTITLEMENTS = "Apps/Tag List App/Resources/Raindropdown.entitlements";
				CODE_SIGN_STYLE = Automatic;
				COMBINE_HIDPI_IMAGES = YES;
				CURRENT_PROJECT_VERSION = 1;
				DEAD_CODE_STRIPPING = YES;
				DEVELOPMENT_TEAM = XDAMV22DTA;
				ENABLE_HARDENED_RUNTIME = YES;
				ENABLE_PREVIEWS = YES;
				GENERATE_INFOPLIST_FILE = YES;
				INFOPLIST_KEY_NSHumanReadableCopyright = "";
				LD_RUNPATH_SEARCH_PATHS = (
					"$(inherited)",
					"@executable_path/../Frameworks",
				);
				MACOSX_DEPLOYMENT_TARGET = 14.0;
				MARKETING_VERSION = 1.0;
				PRODUCT_BUNDLE_IDENTIFIER = com.fleuronic.Raindropdown;
				PRODUCT_NAME = "$(TARGET_NAME)";
				SWIFT_EMIT_LOC_STRINGS = YES;
				SWIFT_VERSION = 5.0;
			};
			name = Release;
		};
		1735B3962BAB356800A01FED /* Debug */ = {
			isa = XCBuildConfiguration;
			buildSettings = {
				ALWAYS_SEARCH_USER_PATHS = NO;
				ASSETCATALOG_COMPILER_GENERATE_SWIFT_ASSET_SYMBOL_EXTENSIONS = YES;
				CLANG_ANALYZER_NONNULL = YES;
				CLANG_ANALYZER_NUMBER_OBJECT_CONVERSION = YES_AGGRESSIVE;
				CLANG_CXX_LANGUAGE_STANDARD = "gnu++20";
				CLANG_ENABLE_MODULES = YES;
				CLANG_ENABLE_OBJC_ARC = YES;
				CLANG_ENABLE_OBJC_WEAK = YES;
				CLANG_WARN_BLOCK_CAPTURE_AUTORELEASING = YES;
				CLANG_WARN_BOOL_CONVERSION = YES;
				CLANG_WARN_COMMA = YES;
				CLANG_WARN_CONSTANT_CONVERSION = YES;
				CLANG_WARN_DEPRECATED_OBJC_IMPLEMENTATIONS = YES;
				CLANG_WARN_DIRECT_OBJC_ISA_USAGE = YES_ERROR;
				CLANG_WARN_DOCUMENTATION_COMMENTS = YES;
				CLANG_WARN_EMPTY_BODY = YES;
				CLANG_WARN_ENUM_CONVERSION = YES;
				CLANG_WARN_INFINITE_RECURSION = YES;
				CLANG_WARN_INT_CONVERSION = YES;
				CLANG_WARN_NON_LITERAL_NULL_CONVERSION = YES;
				CLANG_WARN_OBJC_IMPLICIT_RETAIN_SELF = YES;
				CLANG_WARN_OBJC_LITERAL_CONVERSION = YES;
				CLANG_WARN_OBJC_ROOT_CLASS = YES_ERROR;
				CLANG_WARN_QUOTED_INCLUDE_IN_FRAMEWORK_HEADER = YES;
				CLANG_WARN_RANGE_LOOP_ANALYSIS = YES;
				CLANG_WARN_STRICT_PROTOTYPES = YES;
				CLANG_WARN_SUSPICIOUS_MOVE = YES;
				CLANG_WARN_UNGUARDED_AVAILABILITY = YES_AGGRESSIVE;
				CLANG_WARN_UNREACHABLE_CODE = YES;
				CLANG_WARN__DUPLICATE_METHOD_MATCH = YES;
				COPY_PHASE_STRIP = NO;
				DEAD_CODE_STRIPPING = YES;
				DEBUG_INFORMATION_FORMAT = dwarf;
				ENABLE_STRICT_OBJC_MSGSEND = YES;
				ENABLE_TESTABILITY = YES;
				ENABLE_USER_SCRIPT_SANDBOXING = YES;
				GCC_C_LANGUAGE_STANDARD = gnu17;
				GCC_DYNAMIC_NO_PIC = NO;
				GCC_NO_COMMON_BLOCKS = YES;
				GCC_OPTIMIZATION_LEVEL = 0;
				GCC_PREPROCESSOR_DEFINITIONS = (
					"DEBUG=1",
					"$(inherited)",
				);
				GCC_WARN_64_TO_32_BIT_CONVERSION = YES;
				GCC_WARN_ABOUT_RETURN_TYPE = YES_ERROR;
				GCC_WARN_UNDECLARED_SELECTOR = YES;
				GCC_WARN_UNINITIALIZED_AUTOS = YES_AGGRESSIVE;
				GCC_WARN_UNUSED_FUNCTION = YES;
				GCC_WARN_UNUSED_VARIABLE = YES;
				LOCALIZATION_PREFERS_STRING_CATALOGS = YES;
				MACOSX_DEPLOYMENT_TARGET = 14.4;
				MTL_ENABLE_DEBUG_INFO = INCLUDE_SOURCE;
				MTL_FAST_MATH = YES;
				ONLY_ACTIVE_ARCH = YES;
				SDKROOT = macosx;
				SWIFT_ACTIVE_COMPILATION_CONDITIONS = "DEBUG $(inherited)";
				SWIFT_OPTIMIZATION_LEVEL = "-Onone";
			};
			name = Debug;
		};
		1735B3972BAB356800A01FED /* Release */ = {
			isa = XCBuildConfiguration;
			buildSettings = {
				ALWAYS_SEARCH_USER_PATHS = NO;
				ASSETCATALOG_COMPILER_GENERATE_SWIFT_ASSET_SYMBOL_EXTENSIONS = YES;
				CLANG_ANALYZER_NONNULL = YES;
				CLANG_ANALYZER_NUMBER_OBJECT_CONVERSION = YES_AGGRESSIVE;
				CLANG_CXX_LANGUAGE_STANDARD = "gnu++20";
				CLANG_ENABLE_MODULES = YES;
				CLANG_ENABLE_OBJC_ARC = YES;
				CLANG_ENABLE_OBJC_WEAK = YES;
				CLANG_WARN_BLOCK_CAPTURE_AUTORELEASING = YES;
				CLANG_WARN_BOOL_CONVERSION = YES;
				CLANG_WARN_COMMA = YES;
				CLANG_WARN_CONSTANT_CONVERSION = YES;
				CLANG_WARN_DEPRECATED_OBJC_IMPLEMENTATIONS = YES;
				CLANG_WARN_DIRECT_OBJC_ISA_USAGE = YES_ERROR;
				CLANG_WARN_DOCUMENTATION_COMMENTS = YES;
				CLANG_WARN_EMPTY_BODY = YES;
				CLANG_WARN_ENUM_CONVERSION = YES;
				CLANG_WARN_INFINITE_RECURSION = YES;
				CLANG_WARN_INT_CONVERSION = YES;
				CLANG_WARN_NON_LITERAL_NULL_CONVERSION = YES;
				CLANG_WARN_OBJC_IMPLICIT_RETAIN_SELF = YES;
				CLANG_WARN_OBJC_LITERAL_CONVERSION = YES;
				CLANG_WARN_OBJC_ROOT_CLASS = YES_ERROR;
				CLANG_WARN_QUOTED_INCLUDE_IN_FRAMEWORK_HEADER = YES;
				CLANG_WARN_RANGE_LOOP_ANALYSIS = YES;
				CLANG_WARN_STRICT_PROTOTYPES = YES;
				CLANG_WARN_SUSPICIOUS_MOVE = YES;
				CLANG_WARN_UNGUARDED_AVAILABILITY = YES_AGGRESSIVE;
				CLANG_WARN_UNREACHABLE_CODE = YES;
				CLANG_WARN__DUPLICATE_METHOD_MATCH = YES;
				COPY_PHASE_STRIP = NO;
				DEAD_CODE_STRIPPING = YES;
				DEBUG_INFORMATION_FORMAT = "dwarf-with-dsym";
				ENABLE_NS_ASSERTIONS = NO;
				ENABLE_STRICT_OBJC_MSGSEND = YES;
				ENABLE_USER_SCRIPT_SANDBOXING = YES;
				GCC_C_LANGUAGE_STANDARD = gnu17;
				GCC_NO_COMMON_BLOCKS = YES;
				GCC_WARN_64_TO_32_BIT_CONVERSION = YES;
				GCC_WARN_ABOUT_RETURN_TYPE = YES_ERROR;
				GCC_WARN_UNDECLARED_SELECTOR = YES;
				GCC_WARN_UNINITIALIZED_AUTOS = YES_AGGRESSIVE;
				GCC_WARN_UNUSED_FUNCTION = YES;
				GCC_WARN_UNUSED_VARIABLE = YES;
				LOCALIZATION_PREFERS_STRING_CATALOGS = YES;
				MACOSX_DEPLOYMENT_TARGET = 14.4;
				MTL_ENABLE_DEBUG_INFO = NO;
				MTL_FAST_MATH = YES;
				SDKROOT = macosx;
				SWIFT_COMPILATION_MODE = wholemodule;
			};
			name = Release;
		};
		1735B3992BAB356800A01FED /* Debug */ = {
			isa = XCBuildConfiguration;
			buildSettings = {
				ASSETCATALOG_COMPILER_APPICON_NAME = AppIcon;
				ASSETCATALOG_COMPILER_GLOBAL_ACCENT_COLOR_NAME = AccentColor;
				CODE_SIGN_ENTITLEMENTS = "Apps/Group List App/Resources/Raindropdown.entitlements";
				CODE_SIGN_STYLE = Automatic;
				COMBINE_HIDPI_IMAGES = YES;
				CURRENT_PROJECT_VERSION = 1;
				DEAD_CODE_STRIPPING = YES;
				DEVELOPMENT_TEAM = XDAMV22DTA;
				ENABLE_HARDENED_RUNTIME = YES;
				ENABLE_PREVIEWS = YES;
				GENERATE_INFOPLIST_FILE = YES;
				INFOPLIST_KEY_NSHumanReadableCopyright = "";
				LD_RUNPATH_SEARCH_PATHS = (
					"$(inherited)",
					"@executable_path/../Frameworks",
				);
				MACOSX_DEPLOYMENT_TARGET = 14.0;
				MARKETING_VERSION = 1.0;
				PRODUCT_BUNDLE_IDENTIFIER = com.fleuronic.Raindropdown;
				PRODUCT_NAME = "$(TARGET_NAME)";
				SWIFT_EMIT_LOC_STRINGS = YES;
				SWIFT_VERSION = 5.0;
			};
			name = Debug;
		};
		1735B39A2BAB356800A01FED /* Release */ = {
			isa = XCBuildConfiguration;
			buildSettings = {
				ASSETCATALOG_COMPILER_APPICON_NAME = AppIcon;
				ASSETCATALOG_COMPILER_GLOBAL_ACCENT_COLOR_NAME = AccentColor;
				CODE_SIGN_ENTITLEMENTS = "Apps/Group List App/Resources/Raindropdown.entitlements";
				CODE_SIGN_STYLE = Automatic;
				COMBINE_HIDPI_IMAGES = YES;
				CURRENT_PROJECT_VERSION = 1;
				DEAD_CODE_STRIPPING = YES;
				DEVELOPMENT_TEAM = XDAMV22DTA;
				ENABLE_HARDENED_RUNTIME = YES;
				ENABLE_PREVIEWS = YES;
				GENERATE_INFOPLIST_FILE = YES;
				INFOPLIST_KEY_NSHumanReadableCopyright = "";
				LD_RUNPATH_SEARCH_PATHS = (
					"$(inherited)",
					"@executable_path/../Frameworks",
				);
				MACOSX_DEPLOYMENT_TARGET = 14.0;
				MARKETING_VERSION = 1.0;
				PRODUCT_BUNDLE_IDENTIFIER = com.fleuronic.Raindropdown;
				PRODUCT_NAME = "$(TARGET_NAME)";
				SWIFT_EMIT_LOC_STRINGS = YES;
				SWIFT_VERSION = 5.0;
			};
			name = Release;
		};
		177C6FDE2C18FF1200DA4245 /* Debug */ = {
			isa = XCBuildConfiguration;
			buildSettings = {
				ASSETCATALOG_COMPILER_APPICON_NAME = AppIcon;
				ASSETCATALOG_COMPILER_GLOBAL_ACCENT_COLOR_NAME = AccentColor;
				CODE_SIGN_ENTITLEMENTS = "Apps/Group List App/Resources/Raindropdown.entitlements";
				CODE_SIGN_STYLE = Automatic;
				COMBINE_HIDPI_IMAGES = YES;
				CURRENT_PROJECT_VERSION = 1;
				DEAD_CODE_STRIPPING = YES;
				DEVELOPMENT_TEAM = XDAMV22DTA;
				ENABLE_HARDENED_RUNTIME = YES;
				ENABLE_PREVIEWS = YES;
				GENERATE_INFOPLIST_FILE = YES;
				INFOPLIST_KEY_NSHumanReadableCopyright = "";
				LD_RUNPATH_SEARCH_PATHS = (
					"$(inherited)",
					"@executable_path/../Frameworks",
				);
				MACOSX_DEPLOYMENT_TARGET = 14.0;
				MARKETING_VERSION = 1.0;
				PRODUCT_BUNDLE_IDENTIFIER = com.fleuronic.Raindropdown;
				PRODUCT_NAME = "$(TARGET_NAME)";
				SWIFT_EMIT_LOC_STRINGS = YES;
				SWIFT_VERSION = 5.0;
			};
			name = Debug;
		};
		177C6FDF2C18FF1200DA4245 /* Release */ = {
			isa = XCBuildConfiguration;
			buildSettings = {
				ASSETCATALOG_COMPILER_APPICON_NAME = AppIcon;
				ASSETCATALOG_COMPILER_GLOBAL_ACCENT_COLOR_NAME = AccentColor;
				CODE_SIGN_ENTITLEMENTS = "Apps/Group List App/Resources/Raindropdown.entitlements";
				CODE_SIGN_STYLE = Automatic;
				COMBINE_HIDPI_IMAGES = YES;
				CURRENT_PROJECT_VERSION = 1;
				DEAD_CODE_STRIPPING = YES;
				DEVELOPMENT_TEAM = XDAMV22DTA;
				ENABLE_HARDENED_RUNTIME = YES;
				ENABLE_PREVIEWS = YES;
				GENERATE_INFOPLIST_FILE = YES;
				INFOPLIST_KEY_NSHumanReadableCopyright = "";
				LD_RUNPATH_SEARCH_PATHS = (
					"$(inherited)",
					"@executable_path/../Frameworks",
				);
				MACOSX_DEPLOYMENT_TARGET = 14.0;
				MARKETING_VERSION = 1.0;
				PRODUCT_BUNDLE_IDENTIFIER = com.fleuronic.Raindropdown;
				PRODUCT_NAME = "$(TARGET_NAME)";
				SWIFT_EMIT_LOC_STRINGS = YES;
				SWIFT_VERSION = 5.0;
			};
			name = Release;
		};
/* End XCBuildConfiguration section */

/* Begin XCConfigurationList section */
		1714366A2C12377100AAB17B /* Build configuration list for PBXNativeTarget "TagListApp" */ = {
			isa = XCConfigurationList;
			buildConfigurations = (
				1714366B2C12377100AAB17B /* Debug */,
				1714366C2C12377100AAB17B /* Release */,
			);
			defaultConfigurationIsVisible = 0;
			defaultConfigurationName = Release;
		};
		1735B3842BAB356700A01FED /* Build configuration list for PBXProject "Raindropdown" */ = {
			isa = XCConfigurationList;
			buildConfigurations = (
				1735B3962BAB356800A01FED /* Debug */,
				1735B3972BAB356800A01FED /* Release */,
			);
			defaultConfigurationIsVisible = 0;
			defaultConfigurationName = Release;
		};
		1735B3982BAB356800A01FED /* Build configuration list for PBXNativeTarget "GroupListApp" */ = {
			isa = XCConfigurationList;
			buildConfigurations = (
				1735B3992BAB356800A01FED /* Debug */,
				1735B39A2BAB356800A01FED /* Release */,
			);
			defaultConfigurationIsVisible = 0;
			defaultConfigurationName = Release;
		};
		177C6FDD2C18FF1200DA4245 /* Build configuration list for PBXNativeTarget "CollectionListApp" */ = {
			isa = XCConfigurationList;
			buildConfigurations = (
				177C6FDE2C18FF1200DA4245 /* Debug */,
				177C6FDF2C18FF1200DA4245 /* Release */,
			);
			defaultConfigurationIsVisible = 0;
			defaultConfigurationName = Release;
		};
/* End XCConfigurationList section */

/* Begin XCSwiftPackageProductDependency section */
		1714366F2C1237C100AAB17B /* TagList */ = {
			isa = XCSwiftPackageProductDependency;
			productName = TagList;
		};
		177C6FE22C18FF2000DA4245 /* CollectionList */ = {
			isa = XCSwiftPackageProductDependency;
			productName = CollectionList;
		};
		17B85F8E2C0EB81E0006E75F /* GroupList */ = {
			isa = XCSwiftPackageProductDependency;
			productName = GroupList;
		};
/* End XCSwiftPackageProductDependency section */
	};
	rootObject = 1735B3812BAB356700A01FED /* Project object */;
}
